
Microsoft Visual Studio Solution File, Format Version 12.00
# Visual Studio Version 16
VisualStudioVersion = 16.0.30804.86
MinimumVisualStudioVersion = 10.0.40219.1
Project("{FAE04EC0-301F-11D3-BF4B-00C04F79EFBC}") = "denemeProje123", "denemeProje123\denemeProje123.csproj", "{437DF6FB-94C3-4DF3-8DFC-FDD3CF71FF7D}"
EndProject
Global
	GlobalSection(SolutionConfigurationPlatforms) = preSolution
		Debug|Any CPU = Debug|Any CPU
		Release|Any CPU = Release|Any CPU
	EndGlobalSection
	GlobalSection(ProjectConfigurationPlatforms) = postSolution
		{437DF6FB-94C3-4DF3-8DFC-FDD3CF71FF7D}.Debug|Any CPU.ActiveCfg = Debug|Any CPU
		{437DF6FB-94C3-4DF3-8DFC-FDD3CF71FF7D}.Debug|Any CPU.Build.0 = Debug|Any CPU
		{437DF6FB-94C3-4DF3-8DFC-FDD3CF71FF7D}.Release|Any CPU.ActiveCfg = Release|Any CPU
		{437DF6FB-94C3-4DF3-8DFC-FDD3CF71FF7D}.Release|Any CPU.Build.0 = Release|Any CPU
	EndGlobalSection
	GlobalSection(SolutionProperties) = preSolution
		HideSolutionNode = FALSE
	EndGlobalSection
	GlobalSection(ExtensibilityGlobals) = postSolution
		SolutionGuid = {F1CA0EF0-F528-4700-831B-D6ADA4DCDC22}
	EndGlobalSection
EndGlobal
